
Microsoft Visual Studio Solution File, Format Version 12.00
# Visual Studio Version 17
VisualStudioVersion = 17.6.33815.320
MinimumVisualStudioVersion = 10.0.40219.1
Project("{9A19103F-16F7-4668-BE54-9A1E7A4F7556}") = "Jalles.Web", "Jalles.Web\Jalles.Web.csproj", "{8AF66736-2B7E-4BC4-B060-73B97EECD197}"
	ProjectSection(ProjectDependencies) = postProject
		{6DA82A54-9D0A-4F6F-A062-8DF5ECF3FE31} = {6DA82A54-9D0A-4F6F-A062-8DF5ECF3FE31}
	EndProjectSection
EndProject
Project("{FAE04EC0-301F-11D3-BF4B-00C04F79EFBC}") = "Jalles.Core", "Jalles.Core\Jalles.Core.csproj", "{6DA82A54-9D0A-4F6F-A062-8DF5ECF3FE31}"
EndProject
Global
	GlobalSection(SolutionConfigurationPlatforms) = preSolution
		Debug|Any CPU = Debug|Any CPU
		Release|Any CPU = Release|Any CPU
	EndGlobalSection
	GlobalSection(ProjectConfigurationPlatforms) = postSolution
		{8AF66736-2B7E-4BC4-B060-73B97EECD197}.Debug|Any CPU.ActiveCfg = Debug|Any CPU
		{8AF66736-2B7E-4BC4-B060-73B97EECD197}.Debug|Any CPU.Build.0 = Debug|Any CPU
		{8AF66736-2B7E-4BC4-B060-73B97EECD197}.Release|Any CPU.ActiveCfg = Release|Any CPU
		{8AF66736-2B7E-4BC4-B060-73B97EECD197}.Release|Any CPU.Build.0 = Release|Any CPU
		{6DA82A54-9D0A-4F6F-A062-8DF5ECF3FE31}.Debug|Any CPU.ActiveCfg = Debug|Any CPU
		{6DA82A54-9D0A-4F6F-A062-8DF5ECF3FE31}.Debug|Any CPU.Build.0 = Debug|Any CPU
		{6DA82A54-9D0A-4F6F-A062-8DF5ECF3FE31}.Release|Any CPU.ActiveCfg = Release|Any CPU
		{6DA82A54-9D0A-4F6F-A062-8DF5ECF3FE31}.Release|Any CPU.Build.0 = Release|Any CPU
	EndGlobalSection
	GlobalSection(SolutionProperties) = preSolution
		HideSolutionNode = FALSE
	EndGlobalSection
	GlobalSection(ExtensibilityGlobals) = postSolution
		SolutionGuid = {8C19DFDC-5366-4780-ADA7-026E989BE027}
	EndGlobalSection
EndGlobal
