<Solution>
  <Folder Name="/src/">
    <Project Path="src/Jalles.Core/Jalles.Core.csproj" />
    <Project Path="src/Jalles.Web/Jalles.Web.csproj">
      <BuildDependency Project="src/Jalles.Core/Jalles.Core.csproj" />
    </Project>
    <Project Path="src/Jalles.Frontend/Jalles.Frontend.csproj" />
  </Folder>
</Solution>
